
Microsoft Visual Studio Solution File, Format Version 12.00
# Visual Studio Version 17
VisualStudioVersion = 17.1.32319.34
MinimumVisualStudioVersion = 10.0.40219.1
Project("{FAE04EC0-301F-11D3-BF4B-00C04F79EFBC}") = "PdfForPath", "PdfForPath\PdfForPath.csproj", "{96F0AC1D-CB3A-4409-BF0C-868CDF46B748}"
EndProject
Global
	GlobalSection(SolutionConfigurationPlatforms) = preSolution
		Debug|Any CPU = Debug|Any CPU
		Release|Any CPU = Release|Any CPU
	EndGlobalSection
	GlobalSection(ProjectConfigurationPlatforms) = postSolution
		{96F0AC1D-CB3A-4409-BF0C-868CDF46B748}.Debug|Any CPU.ActiveCfg = Debug|Any CPU
		{96F0AC1D-CB3A-4409-BF0C-868CDF46B748}.Debug|Any CPU.Build.0 = Debug|Any CPU
		{96F0AC1D-CB3A-4409-BF0C-868CDF46B748}.Release|Any CPU.ActiveCfg = Release|Any CPU
		{96F0AC1D-CB3A-4409-BF0C-868CDF46B748}.Release|Any CPU.Build.0 = Release|Any CPU
	EndGlobalSection
	GlobalSection(SolutionProperties) = preSolution
		HideSolutionNode = FALSE
	EndGlobalSection
	GlobalSection(ExtensibilityGlobals) = postSolution
		SolutionGuid = {CCCBD0CB-13E8-4593-A3D4-CEAD55C6366D}
	EndGlobalSection
EndGlobal
